
Microsoft Visual Studio Solution File, Format Version 12.00
# Visual Studio 15
VisualStudioVersion = 15.0.28307.852
MinimumVisualStudioVersion = 10.0.40219.1
Project("{FAE04EC0-301F-11D3-BF4B-00C04F79EFBC}") = "HT.Framework.DotNetFx40.AutoUpdate", "HT.Framework.DotNetFx40.AutoUpdate\HT.Framework.DotNetFx40.AutoUpdate.csproj", "{F4785708-8994-4060-8393-478BD207306C}"
EndProject
Project("{FAE04EC0-301F-11D3-BF4B-00C04F79EFBC}") = "Demo", "Demo\Demo.csproj", "{830F66F7-267F-4767-801C-B88119EADB3A}"
EndProject
Project("{FAE04EC0-301F-11D3-BF4B-00C04F79EFBC}") = "HT.Framework.DotNetFx40.DateTime", "HT.Framework.DotNetFx40.DateTime\HT.Framework.DotNetFx40.DateTime.csproj", "{45B48723-DD6C-4497-AB65-FBFDB9673CF8}"
EndProject
Project("{FAE04EC0-301F-11D3-BF4B-00C04F79EFBC}") = "HT.Framework.DotNetFx40.DBUtility", "HT.Framework.DotNetFx40.DBUtility\HT.Framework.DotNetFx40.DBUtility.csproj", "{8384EC90-021A-4395-9CE5-A4C2127A2C8B}"
EndProject
Project("{FAE04EC0-301F-11D3-BF4B-00C04F79EFBC}") = "HT.Framework.DotNetFx40.DotNetBar", "HT.Framework.DotNetFx40.DotNetBar\HT.Framework.DotNetFx40.DotNetBar.csproj", "{584AA7BE-37A4-48B1-BC19-4EBF3C890073}"
EndProject
Project("{FAE04EC0-301F-11D3-BF4B-00C04F79EFBC}") = "HT.Framework.DotNetFx40.Encrypt", "HT.Framework.DotNetFx40.Encrypt\HT.Framework.DotNetFx40.Encrypt.csproj", "{DE8EC3AD-A930-4F33-AF79-7F11E969A86C}"
EndProject
Project("{FAE04EC0-301F-11D3-BF4B-00C04F79EFBC}") = "HT.Framework.DotNetFx40.Common", "HT.Framework.DotNetFx40.Common\HT.Framework.DotNetFx40.Common.csproj", "{0BB4DA26-BEC0-40F4-BD8A-6F2D188E6C94}"
EndProject
Project("{FAE04EC0-301F-11D3-BF4B-00C04F79EFBC}") = "HT.Framework.DotNetFx40.Log", "HT.Framework.DotNetFx40.Log\HT.Framework.DotNetFx40.Log.csproj", "{C00132C2-5C4D-4483-968F-77DBA0207A2A}"
EndProject
Project("{FAE04EC0-301F-11D3-BF4B-00C04F79EFBC}") = "HT.Framework.DotNetFx40.Email", "HT.Framework.DotNetFx40.Email\HT.Framework.DotNetFx40.Email.csproj", "{77E24112-3E31-44CD-AAE0-66470B434938}"
EndProject
Project("{FAE04EC0-301F-11D3-BF4B-00C04F79EFBC}") = "HT.Framework.DotNetFx40.WebBrowser", "HT.Framework.DotNetFx40.WebBrowser\HT.Framework.DotNetFx40.WebBrowser.csproj", "{DF3E29D9-D1AA-45D9-B1F0-0545D0A66DDC}"
EndProject
Project("{FAE04EC0-301F-11D3-BF4B-00C04F79EFBC}") = "HT.Framework.DotNetFx40.SystemInfo", "HT.Framework.DotNetFx40.SystemInfo\HT.Framework.DotNetFx40.SystemInfo.csproj", "{DBC26735-59C8-40B9-858B-A342031C8DB8}"
EndProject
Project("{FAE04EC0-301F-11D3-BF4B-00C04F79EFBC}") = "HT.Framework.DotNetFx40.Regular", "HT.Framework.DotNetFx40.Regular\HT.Framework.DotNetFx40.Regular.csproj", "{F4ACECA2-DCA7-4E5C-AAB9-27BAFEA21162}"
EndProject
Project("{FAE04EC0-301F-11D3-BF4B-00C04F79EFBC}") = "HT.Framework.DotNetFx40.Config", "HT.Framework.DotNetFx40.Config\HT.Framework.DotNetFx40.Config.csproj", "{1674550A-151D-4105-B4D7-979D36F09FF2}"
EndProject
Global
	GlobalSection(SolutionConfigurationPlatforms) = preSolution
		Debug|Any CPU = Debug|Any CPU
		Release|Any CPU = Release|Any CPU
	EndGlobalSection
	GlobalSection(ProjectConfigurationPlatforms) = postSolution
		{F4785708-8994-4060-8393-478BD207306C}.Debug|Any CPU.ActiveCfg = Debug|Any CPU
		{F4785708-8994-4060-8393-478BD207306C}.Debug|Any CPU.Build.0 = Debug|Any CPU
		{F4785708-8994-4060-8393-478BD207306C}.Release|Any CPU.ActiveCfg = Release|Any CPU
		{F4785708-8994-4060-8393-478BD207306C}.Release|Any CPU.Build.0 = Release|Any CPU
		{830F66F7-267F-4767-801C-B88119EADB3A}.Debug|Any CPU.ActiveCfg = Debug|Any CPU
		{830F66F7-267F-4767-801C-B88119EADB3A}.Debug|Any CPU.Build.0 = Debug|Any CPU
		{830F66F7-267F-4767-801C-B88119EADB3A}.Release|Any CPU.ActiveCfg = Release|Any CPU
		{830F66F7-267F-4767-801C-B88119EADB3A}.Release|Any CPU.Build.0 = Release|Any CPU
		{45B48723-DD6C-4497-AB65-FBFDB9673CF8}.Debug|Any CPU.ActiveCfg = Debug|Any CPU
		{45B48723-DD6C-4497-AB65-FBFDB9673CF8}.Debug|Any CPU.Build.0 = Debug|Any CPU
		{45B48723-DD6C-4497-AB65-FBFDB9673CF8}.Release|Any CPU.ActiveCfg = Release|Any CPU
		{45B48723-DD6C-4497-AB65-FBFDB9673CF8}.Release|Any CPU.Build.0 = Release|Any CPU
		{8384EC90-021A-4395-9CE5-A4C2127A2C8B}.Debug|Any CPU.ActiveCfg = Debug|Any CPU
		{8384EC90-021A-4395-9CE5-A4C2127A2C8B}.Debug|Any CPU.Build.0 = Debug|Any CPU
		{8384EC90-021A-4395-9CE5-A4C2127A2C8B}.Release|Any CPU.ActiveCfg = Release|Any CPU
		{8384EC90-021A-4395-9CE5-A4C2127A2C8B}.Release|Any CPU.Build.0 = Release|Any CPU
		{584AA7BE-37A4-48B1-BC19-4EBF3C890073}.Debug|Any CPU.ActiveCfg = Debug|Any CPU
		{584AA7BE-37A4-48B1-BC19-4EBF3C890073}.Debug|Any CPU.Build.0 = Debug|Any CPU
		{584AA7BE-37A4-48B1-BC19-4EBF3C890073}.Release|Any CPU.ActiveCfg = Release|Any CPU
		{584AA7BE-37A4-48B1-BC19-4EBF3C890073}.Release|Any CPU.Build.0 = Release|Any CPU
		{DE8EC3AD-A930-4F33-AF79-7F11E969A86C}.Debug|Any CPU.ActiveCfg = Debug|Any CPU
		{DE8EC3AD-A930-4F33-AF79-7F11E969A86C}.Debug|Any CPU.Build.0 = Debug|Any CPU
		{DE8EC3AD-A930-4F33-AF79-7F11E969A86C}.Release|Any CPU.ActiveCfg = Release|Any CPU
		{DE8EC3AD-A930-4F33-AF79-7F11E969A86C}.Release|Any CPU.Build.0 = Release|Any CPU
		{0BB4DA26-BEC0-40F4-BD8A-6F2D188E6C94}.Debug|Any CPU.ActiveCfg = Debug|Any CPU
		{0BB4DA26-BEC0-40F4-BD8A-6F2D188E6C94}.Debug|Any CPU.Build.0 = Debug|Any CPU
		{0BB4DA26-BEC0-40F4-BD8A-6F2D188E6C94}.Release|Any CPU.ActiveCfg = Release|Any CPU
		{0BB4DA26-BEC0-40F4-BD8A-6F2D188E6C94}.Release|Any CPU.Build.0 = Release|Any CPU
		{C00132C2-5C4D-4483-968F-77DBA0207A2A}.Debug|Any CPU.ActiveCfg = Debug|Any CPU
		{C00132C2-5C4D-4483-968F-77DBA0207A2A}.Debug|Any CPU.Build.0 = Debug|Any CPU
		{C00132C2-5C4D-4483-968F-77DBA0207A2A}.Release|Any CPU.ActiveCfg = Release|Any CPU
		{C00132C2-5C4D-4483-968F-77DBA0207A2A}.Release|Any CPU.Build.0 = Release|Any CPU
		{77E24112-3E31-44CD-AAE0-66470B434938}.Debug|Any CPU.ActiveCfg = Debug|Any CPU
		{77E24112-3E31-44CD-AAE0-66470B434938}.Debug|Any CPU.Build.0 = Debug|Any CPU
		{77E24112-3E31-44CD-AAE0-66470B434938}.Release|Any CPU.ActiveCfg = Release|Any CPU
		{77E24112-3E31-44CD-AAE0-66470B434938}.Release|Any CPU.Build.0 = Release|Any CPU
		{DF3E29D9-D1AA-45D9-B1F0-0545D0A66DDC}.Debug|Any CPU.ActiveCfg = Debug|Any CPU
		{DF3E29D9-D1AA-45D9-B1F0-0545D0A66DDC}.Debug|Any CPU.Build.0 = Debug|Any CPU
		{DF3E29D9-D1AA-45D9-B1F0-0545D0A66DDC}.Release|Any CPU.ActiveCfg = Release|Any CPU
		{DF3E29D9-D1AA-45D9-B1F0-0545D0A66DDC}.Release|Any CPU.Build.0 = Release|Any CPU
		{DBC26735-59C8-40B9-858B-A342031C8DB8}.Debug|Any CPU.ActiveCfg = Debug|Any CPU
		{DBC26735-59C8-40B9-858B-A342031C8DB8}.Debug|Any CPU.Build.0 = Debug|Any CPU
		{DBC26735-59C8-40B9-858B-A342031C8DB8}.Release|Any CPU.ActiveCfg = Release|Any CPU
		{DBC26735-59C8-40B9-858B-A342031C8DB8}.Release|Any CPU.Build.0 = Release|Any CPU
		{F4ACECA2-DCA7-4E5C-AAB9-27BAFEA21162}.Debug|Any CPU.ActiveCfg = Debug|Any CPU
		{F4ACECA2-DCA7-4E5C-AAB9-27BAFEA21162}.Debug|Any CPU.Build.0 = Debug|Any CPU
		{F4ACECA2-DCA7-4E5C-AAB9-27BAFEA21162}.Release|Any CPU.ActiveCfg = Release|Any CPU
		{F4ACECA2-DCA7-4E5C-AAB9-27BAFEA21162}.Release|Any CPU.Build.0 = Release|Any CPU
		{1674550A-151D-4105-B4D7-979D36F09FF2}.Debug|Any CPU.ActiveCfg = Debug|Any CPU
		{1674550A-151D-4105-B4D7-979D36F09FF2}.Debug|Any CPU.Build.0 = Debug|Any CPU
		{1674550A-151D-4105-B4D7-979D36F09FF2}.Release|Any CPU.ActiveCfg = Release|Any CPU
		{1674550A-151D-4105-B4D7-979D36F09FF2}.Release|Any CPU.Build.0 = Release|Any CPU
	EndGlobalSection
	GlobalSection(SolutionProperties) = preSolution
		HideSolutionNode = FALSE
	EndGlobalSection
	GlobalSection(ExtensibilityGlobals) = postSolution
		SolutionGuid = {9E80584A-40D5-4459-A5C2-B2DF35A1E88B}
	EndGlobalSection
EndGlobal
