
Microsoft Visual Studio Solution File, Format Version 12.00
# Visual Studio 15
VisualStudioVersion = 15.0.28307.852
MinimumVisualStudioVersion = 10.0.40219.1
Project("{FAE04EC0-301F-11D3-BF4B-00C04F79EFBC}") = "HT.Framework.DotNetFx40.AutoUpdate", "HT.Framework.DotNetFx40.AutoUpdate\HT.Framework.DotNetFx40.AutoUpdate.csproj", "{F4785708-8994-4060-8393-478BD207306C}"
EndProject
Project("{FAE04EC0-301F-11D3-BF4B-00C04F79EFBC}") = "Demo", "Demo\Demo.csproj", "{830F66F7-267F-4767-801C-B88119EADB3A}"
EndProject
Global
	GlobalSection(SolutionConfigurationPlatforms) = preSolution
		Debug|Any CPU = Debug|Any CPU
		Release|Any CPU = Release|Any CPU
	EndGlobalSection
	GlobalSection(ProjectConfigurationPlatforms) = postSolution
		{F4785708-8994-4060-8393-478BD207306C}.Debug|Any CPU.ActiveCfg = Debug|Any CPU
		{F4785708-8994-4060-8393-478BD207306C}.Debug|Any CPU.Build.0 = Debug|Any CPU
		{F4785708-8994-4060-8393-478BD207306C}.Release|Any CPU.ActiveCfg = Release|Any CPU
		{F4785708-8994-4060-8393-478BD207306C}.Release|Any CPU.Build.0 = Release|Any CPU
		{830F66F7-267F-4767-801C-B88119EADB3A}.Debug|Any CPU.ActiveCfg = Debug|Any CPU
		{830F66F7-267F-4767-801C-B88119EADB3A}.Debug|Any CPU.Build.0 = Debug|Any CPU
		{830F66F7-267F-4767-801C-B88119EADB3A}.Release|Any CPU.ActiveCfg = Release|Any CPU
		{830F66F7-267F-4767-801C-B88119EADB3A}.Release|Any CPU.Build.0 = Release|Any CPU
	EndGlobalSection
	GlobalSection(SolutionProperties) = preSolution
		HideSolutionNode = FALSE
	EndGlobalSection
	GlobalSection(ExtensibilityGlobals) = postSolution
		SolutionGuid = {9E80584A-40D5-4459-A5C2-B2DF35A1E88B}
	EndGlobalSection
EndGlobal
